
Microsoft Visual Studio Solution File, Format Version 12.00
# Visual Studio 15
VisualStudioVersion = 15.0.28307.572
MinimumVisualStudioVersion = 10.0.40219.1
Project("{FAE04EC0-301F-11D3-BF4B-00C04F79EFBC}") = "BP5Exercise2", "BP5Exercise2\BP5Exercise2.csproj", "{AF461BBA-D33B-44EF-A4E4-D1ED22E2D060}"
EndProject
Global
	GlobalSection(SolutionConfigurationPlatforms) = preSolution
		Debug|Any CPU = Debug|Any CPU
		Release|Any CPU = Release|Any CPU
	EndGlobalSection
	GlobalSection(ProjectConfigurationPlatforms) = postSolution
		{AF461BBA-D33B-44EF-A4E4-D1ED22E2D060}.Debug|Any CPU.ActiveCfg = Debug|Any CPU
		{AF461BBA-D33B-44EF-A4E4-D1ED22E2D060}.Debug|Any CPU.Build.0 = Debug|Any CPU
		{AF461BBA-D33B-44EF-A4E4-D1ED22E2D060}.Release|Any CPU.ActiveCfg = Release|Any CPU
		{AF461BBA-D33B-44EF-A4E4-D1ED22E2D060}.Release|Any CPU.Build.0 = Release|Any CPU
	EndGlobalSection
	GlobalSection(SolutionProperties) = preSolution
		HideSolutionNode = FALSE
	EndGlobalSection
	GlobalSection(ExtensibilityGlobals) = postSolution
		SolutionGuid = {EB14C211-29D4-4B5C-B51B-837151587E9E}
	EndGlobalSection
EndGlobal
