
Microsoft Visual Studio Solution File, Format Version 12.00
# Visual Studio 15
VisualStudioVersion = 15.0.28307.539
MinimumVisualStudioVersion = 10.0.40219.1
Project("{FAE04EC0-301F-11D3-BF4B-00C04F79EFBC}") = "BP2Exercise5", "BP2Exercise5\BP2Exercise5.csproj", "{F25521CC-DB4A-4C19-91BC-D448F4563A9F}"
EndProject
Global
	GlobalSection(SolutionConfigurationPlatforms) = preSolution
		Debug|Any CPU = Debug|Any CPU
		Release|Any CPU = Release|Any CPU
	EndGlobalSection
	GlobalSection(ProjectConfigurationPlatforms) = postSolution
		{F25521CC-DB4A-4C19-91BC-D448F4563A9F}.Debug|Any CPU.ActiveCfg = Debug|Any CPU
		{F25521CC-DB4A-4C19-91BC-D448F4563A9F}.Debug|Any CPU.Build.0 = Debug|Any CPU
		{F25521CC-DB4A-4C19-91BC-D448F4563A9F}.Release|Any CPU.ActiveCfg = Release|Any CPU
		{F25521CC-DB4A-4C19-91BC-D448F4563A9F}.Release|Any CPU.Build.0 = Release|Any CPU
	EndGlobalSection
	GlobalSection(SolutionProperties) = preSolution
		HideSolutionNode = FALSE
	EndGlobalSection
	GlobalSection(ExtensibilityGlobals) = postSolution
		SolutionGuid = {C35AC222-D5D6-4A37-8CBC-5D3116784386}
	EndGlobalSection
EndGlobal
