
Microsoft Visual Studio Solution File, Format Version 12.00
# Visual Studio Version 16
VisualStudioVersion = 16.0.28803.352
MinimumVisualStudioVersion = 10.0.40219.1
Project("{FAE04EC0-301F-11D3-BF4B-00C04F79EFBC}") = "BP9Exercise3", "BP9Exercise3\BP9Exercise3.csproj", "{EC6050BE-CB4F-444F-993D-5B45E47EDEEE}"
EndProject
Global
	GlobalSection(SolutionConfigurationPlatforms) = preSolution
		Debug|Any CPU = Debug|Any CPU
		Release|Any CPU = Release|Any CPU
	EndGlobalSection
	GlobalSection(ProjectConfigurationPlatforms) = postSolution
		{EC6050BE-CB4F-444F-993D-5B45E47EDEEE}.Debug|Any CPU.ActiveCfg = Debug|Any CPU
		{EC6050BE-CB4F-444F-993D-5B45E47EDEEE}.Debug|Any CPU.Build.0 = Debug|Any CPU
		{EC6050BE-CB4F-444F-993D-5B45E47EDEEE}.Release|Any CPU.ActiveCfg = Release|Any CPU
		{EC6050BE-CB4F-444F-993D-5B45E47EDEEE}.Release|Any CPU.Build.0 = Release|Any CPU
	EndGlobalSection
	GlobalSection(SolutionProperties) = preSolution
		HideSolutionNode = FALSE
	EndGlobalSection
	GlobalSection(ExtensibilityGlobals) = postSolution
		SolutionGuid = {215F362F-6E24-40E8-ACFF-0BC2BDCD2E32}
	EndGlobalSection
EndGlobal
