
Microsoft Visual Studio Solution File, Format Version 12.00
# Visual Studio Version 16
VisualStudioVersion = 16.0.28803.452
MinimumVisualStudioVersion = 10.0.40219.1
Project("{FAE04EC0-301F-11D3-BF4B-00C04F79EFBC}") = "BP13Exercise3", "BP13Exercise3\BP13Exercise3.csproj", "{C40000AF-FF81-4456-B4CA-C5E597FE0589}"
EndProject
Global
	GlobalSection(SolutionConfigurationPlatforms) = preSolution
		Debug|Any CPU = Debug|Any CPU
		Release|Any CPU = Release|Any CPU
	EndGlobalSection
	GlobalSection(ProjectConfigurationPlatforms) = postSolution
		{C40000AF-FF81-4456-B4CA-C5E597FE0589}.Debug|Any CPU.ActiveCfg = Debug|Any CPU
		{C40000AF-FF81-4456-B4CA-C5E597FE0589}.Debug|Any CPU.Build.0 = Debug|Any CPU
		{C40000AF-FF81-4456-B4CA-C5E597FE0589}.Release|Any CPU.ActiveCfg = Release|Any CPU
		{C40000AF-FF81-4456-B4CA-C5E597FE0589}.Release|Any CPU.Build.0 = Release|Any CPU
	EndGlobalSection
	GlobalSection(SolutionProperties) = preSolution
		HideSolutionNode = FALSE
	EndGlobalSection
	GlobalSection(ExtensibilityGlobals) = postSolution
		SolutionGuid = {08D141CB-7D27-4ED8-B337-9CDEC96421D8}
	EndGlobalSection
EndGlobal
