
Microsoft Visual Studio Solution File, Format Version 12.00
# Visual Studio 15
VisualStudioVersion = 15.0.28307.572
MinimumVisualStudioVersion = 10.0.40219.1
Project("{FAE04EC0-301F-11D3-BF4B-00C04F79EFBC}") = "BP5Exercise4", "BP5Exercise4\BP5Exercise4.csproj", "{A48DFBAD-F62E-4C0C-B6D0-E81B9B8FB001}"
EndProject
Global
	GlobalSection(SolutionConfigurationPlatforms) = preSolution
		Debug|Any CPU = Debug|Any CPU
		Release|Any CPU = Release|Any CPU
	EndGlobalSection
	GlobalSection(ProjectConfigurationPlatforms) = postSolution
		{A48DFBAD-F62E-4C0C-B6D0-E81B9B8FB001}.Debug|Any CPU.ActiveCfg = Debug|Any CPU
		{A48DFBAD-F62E-4C0C-B6D0-E81B9B8FB001}.Debug|Any CPU.Build.0 = Debug|Any CPU
		{A48DFBAD-F62E-4C0C-B6D0-E81B9B8FB001}.Release|Any CPU.ActiveCfg = Release|Any CPU
		{A48DFBAD-F62E-4C0C-B6D0-E81B9B8FB001}.Release|Any CPU.Build.0 = Release|Any CPU
	EndGlobalSection
	GlobalSection(SolutionProperties) = preSolution
		HideSolutionNode = FALSE
	EndGlobalSection
	GlobalSection(ExtensibilityGlobals) = postSolution
		SolutionGuid = {D7DDA8BF-3357-4517-8F93-603DF6649320}
	EndGlobalSection
EndGlobal
